
Microsoft Visual Studio Solution File, Format Version 12.00
# Visual Studio 15
VisualStudioVersion = 15.0.27703.2042
MinimumVisualStudioVersion = 10.0.40219.1
Project("{8BC9CEB8-8B4A-11D0-8D11-00A0C91BC942}") = "memory_overflow", "memory_overflow\memory_overflow.vcxproj", "{B7E15F97-54DE-4A20-8A28-D83B455E6E15}"
EndProject
Global
	GlobalSection(SolutionConfigurationPlatforms) = preSolution
		Debug|x64 = Debug|x64
		Debug|x86 = Debug|x86
		Release|x64 = Release|x64
		Release|x86 = Release|x86
	EndGlobalSection
	GlobalSection(ProjectConfigurationPlatforms) = postSolution
		{B7E15F97-54DE-4A20-8A28-D83B455E6E15}.Debug|x64.ActiveCfg = Debug|x64
		{B7E15F97-54DE-4A20-8A28-D83B455E6E15}.Debug|x64.Build.0 = Debug|x64
		{B7E15F97-54DE-4A20-8A28-D83B455E6E15}.Debug|x86.ActiveCfg = Debug|Win32
		{B7E15F97-54DE-4A20-8A28-D83B455E6E15}.Debug|x86.Build.0 = Debug|Win32
		{B7E15F97-54DE-4A20-8A28-D83B455E6E15}.Release|x64.ActiveCfg = Release|x64
		{B7E15F97-54DE-4A20-8A28-D83B455E6E15}.Release|x64.Build.0 = Release|x64
		{B7E15F97-54DE-4A20-8A28-D83B455E6E15}.Release|x86.ActiveCfg = Release|Win32
		{B7E15F97-54DE-4A20-8A28-D83B455E6E15}.Release|x86.Build.0 = Release|Win32
	EndGlobalSection
	GlobalSection(SolutionProperties) = preSolution
		HideSolutionNode = FALSE
	EndGlobalSection
	GlobalSection(ExtensibilityGlobals) = postSolution
		SolutionGuid = {E627DD91-83EF-4DAD-A924-B544E5502843}
	EndGlobalSection
EndGlobal
