
Microsoft Visual Studio Solution File, Format Version 12.00
# Visual Studio 15
VisualStudioVersion = 15.0.27703.2042
MinimumVisualStudioVersion = 10.0.40219.1
Project("{8BC9CEB8-8B4A-11D0-8D11-00A0C91BC942}") = "vector", "vector\vector.vcxproj", "{32C35F8F-7DC3-4287-A813-CC6DE874B3E4}"
EndProject
Global
	GlobalSection(SolutionConfigurationPlatforms) = preSolution
		Debug|x64 = Debug|x64
		Debug|x86 = Debug|x86
		Release|x64 = Release|x64
		Release|x86 = Release|x86
	EndGlobalSection
	GlobalSection(ProjectConfigurationPlatforms) = postSolution
		{32C35F8F-7DC3-4287-A813-CC6DE874B3E4}.Debug|x64.ActiveCfg = Debug|x64
		{32C35F8F-7DC3-4287-A813-CC6DE874B3E4}.Debug|x64.Build.0 = Debug|x64
		{32C35F8F-7DC3-4287-A813-CC6DE874B3E4}.Debug|x86.ActiveCfg = Debug|Win32
		{32C35F8F-7DC3-4287-A813-CC6DE874B3E4}.Debug|x86.Build.0 = Debug|Win32
		{32C35F8F-7DC3-4287-A813-CC6DE874B3E4}.Release|x64.ActiveCfg = Release|x64
		{32C35F8F-7DC3-4287-A813-CC6DE874B3E4}.Release|x64.Build.0 = Release|x64
		{32C35F8F-7DC3-4287-A813-CC6DE874B3E4}.Release|x86.ActiveCfg = Release|Win32
		{32C35F8F-7DC3-4287-A813-CC6DE874B3E4}.Release|x86.Build.0 = Release|Win32
	EndGlobalSection
	GlobalSection(SolutionProperties) = preSolution
		HideSolutionNode = FALSE
	EndGlobalSection
	GlobalSection(ExtensibilityGlobals) = postSolution
		SolutionGuid = {22A9C886-F2E0-42BA-A1E6-FAA7BA03E163}
	EndGlobalSection
EndGlobal
